
Microsoft Visual Studio Solution File, Format Version 12.00
# Visual Studio Version 17
VisualStudioVersion = 17.11.35327.3
MinimumVisualStudioVersion = 10.0.40219.1
Project("{FAE04EC0-301F-11D3-BF4B-00C04F79EFBC}") = "MadelynEjercicio19", "MadelynEjercicio19\MadelynEjercicio19.csproj", "{54F28970-2ADA-42E2-AD33-7CE68DBA564E}"
EndProject
Global
	GlobalSection(SolutionConfigurationPlatforms) = preSolution
		Debug|Any CPU = Debug|Any CPU
		Release|Any CPU = Release|Any CPU
	EndGlobalSection
	GlobalSection(ProjectConfigurationPlatforms) = postSolution
		{54F28970-2ADA-42E2-AD33-7CE68DBA564E}.Debug|Any CPU.ActiveCfg = Debug|Any CPU
		{54F28970-2ADA-42E2-AD33-7CE68DBA564E}.Debug|Any CPU.Build.0 = Debug|Any CPU
		{54F28970-2ADA-42E2-AD33-7CE68DBA564E}.Release|Any CPU.ActiveCfg = Release|Any CPU
		{54F28970-2ADA-42E2-AD33-7CE68DBA564E}.Release|Any CPU.Build.0 = Release|Any CPU
	EndGlobalSection
	GlobalSection(SolutionProperties) = preSolution
		HideSolutionNode = FALSE
	EndGlobalSection
	GlobalSection(ExtensibilityGlobals) = postSolution
		SolutionGuid = {ACB5125E-FD3C-4981-9DA4-99DEF5DF0E3A}
	EndGlobalSection
EndGlobal
