
Microsoft Visual Studio Solution File, Format Version 12.00
# Visual Studio Version 17
VisualStudioVersion = 17.11.35327.3
MinimumVisualStudioVersion = 10.0.40219.1
Project("{FAE04EC0-301F-11D3-BF4B-00C04F79EFBC}") = "MadelynDesafio_3", "MadelynDesafio_3\MadelynDesafio_3.csproj", "{DA0A00A0-2339-4FA7-97BE-FAD77B2A4210}"
EndProject
Global
	GlobalSection(SolutionConfigurationPlatforms) = preSolution
		Debug|Any CPU = Debug|Any CPU
		Release|Any CPU = Release|Any CPU
	EndGlobalSection
	GlobalSection(ProjectConfigurationPlatforms) = postSolution
		{DA0A00A0-2339-4FA7-97BE-FAD77B2A4210}.Debug|Any CPU.ActiveCfg = Debug|Any CPU
		{DA0A00A0-2339-4FA7-97BE-FAD77B2A4210}.Debug|Any CPU.Build.0 = Debug|Any CPU
		{DA0A00A0-2339-4FA7-97BE-FAD77B2A4210}.Release|Any CPU.ActiveCfg = Release|Any CPU
		{DA0A00A0-2339-4FA7-97BE-FAD77B2A4210}.Release|Any CPU.Build.0 = Release|Any CPU
	EndGlobalSection
	GlobalSection(SolutionProperties) = preSolution
		HideSolutionNode = FALSE
	EndGlobalSection
	GlobalSection(ExtensibilityGlobals) = postSolution
		SolutionGuid = {CD95683C-E208-44BC-9EAF-2285CF78032F}
	EndGlobalSection
EndGlobal
