
Microsoft Visual Studio Solution File, Format Version 12.00
# Visual Studio Version 17
VisualStudioVersion = 17.11.35327.3
MinimumVisualStudioVersion = 10.0.40219.1
Project("{FAE04EC0-301F-11D3-BF4B-00C04F79EFBC}") = "Madelyn_desafio1", "Madelyn_desafio1\Madelyn_desafio1.csproj", "{EAAE4076-FD5F-4305-A9DF-32781F1B652D}"
EndProject
Global
	GlobalSection(SolutionConfigurationPlatforms) = preSolution
		Debug|Any CPU = Debug|Any CPU
		Release|Any CPU = Release|Any CPU
	EndGlobalSection
	GlobalSection(ProjectConfigurationPlatforms) = postSolution
		{EAAE4076-FD5F-4305-A9DF-32781F1B652D}.Debug|Any CPU.ActiveCfg = Debug|Any CPU
		{EAAE4076-FD5F-4305-A9DF-32781F1B652D}.Debug|Any CPU.Build.0 = Debug|Any CPU
		{EAAE4076-FD5F-4305-A9DF-32781F1B652D}.Release|Any CPU.ActiveCfg = Release|Any CPU
		{EAAE4076-FD5F-4305-A9DF-32781F1B652D}.Release|Any CPU.Build.0 = Release|Any CPU
	EndGlobalSection
	GlobalSection(SolutionProperties) = preSolution
		HideSolutionNode = FALSE
	EndGlobalSection
	GlobalSection(ExtensibilityGlobals) = postSolution
		SolutionGuid = {ED45C330-0F5B-4EF2-AABA-C0E0F3343AE7}
	EndGlobalSection
EndGlobal
