
Microsoft Visual Studio Solution File, Format Version 12.00
# Visual Studio Version 17
VisualStudioVersion = 17.11.35327.3
MinimumVisualStudioVersion = 10.0.40219.1
Project("{FAE04EC0-301F-11D3-BF4B-00C04F79EFBC}") = "MadelynDesafio_2", "MadelynDesafio_2\MadelynDesafio_2.csproj", "{E1A91C66-28C9-4FE4-BFFD-5F9EF1FC05A1}"
EndProject
Global
	GlobalSection(SolutionConfigurationPlatforms) = preSolution
		Debug|Any CPU = Debug|Any CPU
		Release|Any CPU = Release|Any CPU
	EndGlobalSection
	GlobalSection(ProjectConfigurationPlatforms) = postSolution
		{E1A91C66-28C9-4FE4-BFFD-5F9EF1FC05A1}.Debug|Any CPU.ActiveCfg = Debug|Any CPU
		{E1A91C66-28C9-4FE4-BFFD-5F9EF1FC05A1}.Debug|Any CPU.Build.0 = Debug|Any CPU
		{E1A91C66-28C9-4FE4-BFFD-5F9EF1FC05A1}.Release|Any CPU.ActiveCfg = Release|Any CPU
		{E1A91C66-28C9-4FE4-BFFD-5F9EF1FC05A1}.Release|Any CPU.Build.0 = Release|Any CPU
	EndGlobalSection
	GlobalSection(SolutionProperties) = preSolution
		HideSolutionNode = FALSE
	EndGlobalSection
	GlobalSection(ExtensibilityGlobals) = postSolution
		SolutionGuid = {7FFC10FD-948B-4476-B597-3359ABC2DA13}
	EndGlobalSection
EndGlobal
