
Microsoft Visual Studio Solution File, Format Version 12.00
# Visual Studio Version 17
VisualStudioVersion = 17.11.35327.3
MinimumVisualStudioVersion = 10.0.40219.1
Project("{FAE04EC0-301F-11D3-BF4B-00C04F79EFBC}") = "MadelynEjercicio12", "MadelynEjercicio12\MadelynEjercicio12.csproj", "{564E14A9-2BAD-40E0-8D02-9A0D83074C00}"
EndProject
Global
	GlobalSection(SolutionConfigurationPlatforms) = preSolution
		Debug|Any CPU = Debug|Any CPU
		Release|Any CPU = Release|Any CPU
	EndGlobalSection
	GlobalSection(ProjectConfigurationPlatforms) = postSolution
		{564E14A9-2BAD-40E0-8D02-9A0D83074C00}.Debug|Any CPU.ActiveCfg = Debug|Any CPU
		{564E14A9-2BAD-40E0-8D02-9A0D83074C00}.Debug|Any CPU.Build.0 = Debug|Any CPU
		{564E14A9-2BAD-40E0-8D02-9A0D83074C00}.Release|Any CPU.ActiveCfg = Release|Any CPU
		{564E14A9-2BAD-40E0-8D02-9A0D83074C00}.Release|Any CPU.Build.0 = Release|Any CPU
	EndGlobalSection
	GlobalSection(SolutionProperties) = preSolution
		HideSolutionNode = FALSE
	EndGlobalSection
	GlobalSection(ExtensibilityGlobals) = postSolution
		SolutionGuid = {79418ACE-35BF-44B1-B5F6-5772262EB51F}
	EndGlobalSection
EndGlobal
