
Microsoft Visual Studio Solution File, Format Version 12.00
# Visual Studio Version 17
VisualStudioVersion = 17.11.35327.3
MinimumVisualStudioVersion = 10.0.40219.1
Project("{FAE04EC0-301F-11D3-BF4B-00C04F79EFBC}") = "MadelynEjercicio9", "MadelynEjercicio9\MadelynEjercicio9.csproj", "{4EB2EE09-330C-4AB0-854B-4B24CE7F420F}"
EndProject
Global
	GlobalSection(SolutionConfigurationPlatforms) = preSolution
		Debug|Any CPU = Debug|Any CPU
		Release|Any CPU = Release|Any CPU
	EndGlobalSection
	GlobalSection(ProjectConfigurationPlatforms) = postSolution
		{4EB2EE09-330C-4AB0-854B-4B24CE7F420F}.Debug|Any CPU.ActiveCfg = Debug|Any CPU
		{4EB2EE09-330C-4AB0-854B-4B24CE7F420F}.Debug|Any CPU.Build.0 = Debug|Any CPU
		{4EB2EE09-330C-4AB0-854B-4B24CE7F420F}.Release|Any CPU.ActiveCfg = Release|Any CPU
		{4EB2EE09-330C-4AB0-854B-4B24CE7F420F}.Release|Any CPU.Build.0 = Release|Any CPU
	EndGlobalSection
	GlobalSection(SolutionProperties) = preSolution
		HideSolutionNode = FALSE
	EndGlobalSection
	GlobalSection(ExtensibilityGlobals) = postSolution
		SolutionGuid = {596D9F81-BB83-4753-9BF3-7B6B6F46F178}
	EndGlobalSection
EndGlobal
