
Microsoft Visual Studio Solution File, Format Version 12.00
# Visual Studio Version 17
VisualStudioVersion = 17.11.35327.3
MinimumVisualStudioVersion = 10.0.40219.1
Project("{FAE04EC0-301F-11D3-BF4B-00C04F79EFBC}") = "MadelynEjercicio16", "MadelynEjercicio16\MadelynEjercicio16.csproj", "{6B915B50-2743-40C9-830E-C26B0F2B3724}"
EndProject
Global
	GlobalSection(SolutionConfigurationPlatforms) = preSolution
		Debug|Any CPU = Debug|Any CPU
		Release|Any CPU = Release|Any CPU
	EndGlobalSection
	GlobalSection(ProjectConfigurationPlatforms) = postSolution
		{6B915B50-2743-40C9-830E-C26B0F2B3724}.Debug|Any CPU.ActiveCfg = Debug|Any CPU
		{6B915B50-2743-40C9-830E-C26B0F2B3724}.Debug|Any CPU.Build.0 = Debug|Any CPU
		{6B915B50-2743-40C9-830E-C26B0F2B3724}.Release|Any CPU.ActiveCfg = Release|Any CPU
		{6B915B50-2743-40C9-830E-C26B0F2B3724}.Release|Any CPU.Build.0 = Release|Any CPU
	EndGlobalSection
	GlobalSection(SolutionProperties) = preSolution
		HideSolutionNode = FALSE
	EndGlobalSection
	GlobalSection(ExtensibilityGlobals) = postSolution
		SolutionGuid = {77E6CD40-7933-479F-8C7F-2F3A623B29EF}
	EndGlobalSection
EndGlobal
