
Microsoft Visual Studio Solution File, Format Version 12.00
# Visual Studio Version 17
VisualStudioVersion = 17.11.35327.3
MinimumVisualStudioVersion = 10.0.40219.1
Project("{FAE04EC0-301F-11D3-BF4B-00C04F79EFBC}") = "MadelynEjercicio10", "MadelynEjercicio10\MadelynEjercicio10.csproj", "{B5F4AB61-E39A-4261-A30C-FEAEF78375EB}"
EndProject
Global
	GlobalSection(SolutionConfigurationPlatforms) = preSolution
		Debug|Any CPU = Debug|Any CPU
		Release|Any CPU = Release|Any CPU
	EndGlobalSection
	GlobalSection(ProjectConfigurationPlatforms) = postSolution
		{B5F4AB61-E39A-4261-A30C-FEAEF78375EB}.Debug|Any CPU.ActiveCfg = Debug|Any CPU
		{B5F4AB61-E39A-4261-A30C-FEAEF78375EB}.Debug|Any CPU.Build.0 = Debug|Any CPU
		{B5F4AB61-E39A-4261-A30C-FEAEF78375EB}.Release|Any CPU.ActiveCfg = Release|Any CPU
		{B5F4AB61-E39A-4261-A30C-FEAEF78375EB}.Release|Any CPU.Build.0 = Release|Any CPU
	EndGlobalSection
	GlobalSection(SolutionProperties) = preSolution
		HideSolutionNode = FALSE
	EndGlobalSection
	GlobalSection(ExtensibilityGlobals) = postSolution
		SolutionGuid = {538CDA6E-1E66-45D8-93E1-44B65B8184B1}
	EndGlobalSection
EndGlobal
